
Microsoft Visual Studio Solution File, Format Version 12.00
# Visual Studio Version 16
VisualStudioVersion = 16.0.31727.386
MinimumVisualStudioVersion = 10.0.40219.1
Project("{8BC9CEB8-8B4A-11D0-8D11-00A0C91BC942}") = "Store Management", "Store Management.vcxproj", "{9024369D-72AE-4164-9ABC-9799CBA15948}"
EndProject
Global
	GlobalSection(SolutionConfigurationPlatforms) = preSolution
		Debug|x64 = Debug|x64
		Debug|x86 = Debug|x86
		Release|x64 = Release|x64
		Release|x86 = Release|x86
	EndGlobalSection
	GlobalSection(ProjectConfigurationPlatforms) = postSolution
		{9024369D-72AE-4164-9ABC-9799CBA15948}.Debug|x64.ActiveCfg = Debug|x64
		{9024369D-72AE-4164-9ABC-9799CBA15948}.Debug|x64.Build.0 = Debug|x64
		{9024369D-72AE-4164-9ABC-9799CBA15948}.Debug|x86.ActiveCfg = Debug|Win32
		{9024369D-72AE-4164-9ABC-9799CBA15948}.Debug|x86.Build.0 = Debug|Win32
		{9024369D-72AE-4164-9ABC-9799CBA15948}.Release|x64.ActiveCfg = Release|x64
		{9024369D-72AE-4164-9ABC-9799CBA15948}.Release|x64.Build.0 = Release|x64
		{9024369D-72AE-4164-9ABC-9799CBA15948}.Release|x86.ActiveCfg = Release|Win32
		{9024369D-72AE-4164-9ABC-9799CBA15948}.Release|x86.Build.0 = Release|Win32
	EndGlobalSection
	GlobalSection(SolutionProperties) = preSolution
		HideSolutionNode = FALSE
	EndGlobalSection
	GlobalSection(ExtensibilityGlobals) = postSolution
		SolutionGuid = {3A148B0C-A942-40B9-A9ED-F2F8BE94A820}
	EndGlobalSection
EndGlobal
